// !$*UTF8*$!
{
	archiveVersion = 1;
	classes = {
	};
	objectVersion = 50;
	objects = {

/* Begin PBXBuildFile section */
		A5D5991C219A5E8400CF2590 /* AppDelegate.m in Sources */ = {isa = PBXBuildFile; fileRef = A5D5991B219A5E8400CF2590 /* AppDelegate.m */; };
		A5D5991F219A5E8400CF2590 /* ViewController.m in Sources */ = {isa = PBXBuildFile; fileRef = A5D5991E219A5E8400CF2590 /* ViewController.m */; };
		A5D59922219A5E8400CF2590 /* Main.storyboard in Resources */ = {isa = PBXBuildFile; fileRef = A5D59920219A5E8400CF2590 /* Main.storyboard */; };
		A5D59924219A5E8500CF2590 /* Assets.xcassets in Resources */ = {isa = PBXBuildFile; fileRef = A5D59923219A5E8500CF2590 /* Assets.xcassets */; };
		A5D59927219A5E8500CF2590 /* LaunchScreen.storyboard in Resources */ = {isa = PBXBuildFile; fileRef = A5D59925219A5E8500CF2590 /* LaunchScreen.storyboard */; };
		A5D5992A219A5E8500CF2590 /* main.m in Sources */ = {isa = PBXBuildFile; fileRef = A5D59929219A5E8500CF2590 /* main.m */; };
		A5D59934219A5E8500CF2590 /* iOSInterviewLearnTests.m in Sources */ = {isa = PBXBuildFile; fileRef = A5D59933219A5E8500CF2590 /* iOSInterviewLearnTests.m */; };
		A5D5993F219A5E8500CF2590 /* iOSInterviewLearnUITests.m in Sources */ = {isa = PBXBuildFile; fileRef = A5D5993E219A5E8500CF2590 /* iOSInterviewLearnUITests.m */; };
		A5D59974219A5EEC00CF2590 /* HTTPProtocol.m in Sources */ = {isa = PBXBuildFile; fileRef = A5D5994D219A5EEB00CF2590 /* HTTPProtocol.m */; };
		A5D59975219A5EEC00CF2590 /* IndexedTableView.m in Sources */ = {isa = PBXBuildFile; fileRef = A5D59952219A5EEB00CF2590 /* IndexedTableView.m */; };
		A5D59976219A5EEC00CF2590 /* ReuseablePool.m in Sources */ = {isa = PBXBuildFile; fileRef = A5D59953219A5EEB00CF2590 /* ReuseablePool.m */; };
		A5D59977219A5EEC00CF2590 /* Thread.m in Sources */ = {isa = PBXBuildFile; fileRef = A5D59955219A5EEB00CF2590 /* Thread.m */; };
		A5D59978219A5EEC00CF2590 /* ELObject.m in Sources */ = {isa = PBXBuildFile; fileRef = A5D59959219A5EEB00CF2590 /* ELObject.m */; };
		A5D59979219A5EEC00CF2590 /* ELObserve.m in Sources */ = {isa = PBXBuildFile; fileRef = A5D5995A219A5EEB00CF2590 /* ELObserve.m */; };
		A5D5997A219A5EEC00CF2590 /* Block.m in Sources */ = {isa = PBXBuildFile; fileRef = A5D5995D219A5EEB00CF2590 /* Block.m */; };
		A5D5997C219A5EEC00CF2590 /* NSTimer+WeakTimer.m in Sources */ = {isa = PBXBuildFile; fileRef = A5D59963219A5EEB00CF2590 /* NSTimer+WeakTimer.m */; };
		A5D5997D219A5EEC00CF2590 /* MemeroyViewController.m in Sources */ = {isa = PBXBuildFile; fileRef = A5D59964219A5EEB00CF2590 /* MemeroyViewController.m */; };
		A5D5997E219A5EEC00CF2590 /* RunLoop.m in Sources */ = {isa = PBXBuildFile; fileRef = A5D59967219A5EEB00CF2590 /* RunLoop.m */; };
		A5D5997F219A5EEC00CF2590 /* MessageSendViewController.m in Sources */ = {isa = PBXBuildFile; fileRef = A5D5996A219A5EEB00CF2590 /* MessageSendViewController.m */; };
		A5D59980219A5EEC00CF2590 /* RuntimeObject.m in Sources */ = {isa = PBXBuildFile; fileRef = A5D5996B219A5EEB00CF2590 /* RuntimeObject.m */; };
		A5D59981219A5EEC00CF2590 /* Phone.m in Sources */ = {isa = PBXBuildFile; fileRef = A5D5996D219A5EEB00CF2590 /* Phone.m */; };
		A5D59982219A5EEC00CF2590 /* Mobile.m in Sources */ = {isa = PBXBuildFile; fileRef = A5D59970219A5EEB00CF2590 /* Mobile.m */; };
		A5D59983219A5EEC00CF2590 /* HashLearn.m in Sources */ = {isa = PBXBuildFile; fileRef = A5D59972219A5EEC00CF2590 /* HashLearn.m */; };
/* End PBXBuildFile section */

/* Begin PBXContainerItemProxy section */
		A5D59930219A5E8500CF2590 /* PBXContainerItemProxy */ = {
			isa = PBXContainerItemProxy;
			containerPortal = A5D5990F219A5E8400CF2590 /* Project object */;
			proxyType = 1;
			remoteGlobalIDString = A5D59916219A5E8400CF2590;
			remoteInfo = iOSInterviewLearn;
		};
		A5D5993B219A5E8500CF2590 /* PBXContainerItemProxy */ = {
			isa = PBXContainerItemProxy;
			containerPortal = A5D5990F219A5E8400CF2590 /* Project object */;
			proxyType = 1;
			remoteGlobalIDString = A5D59916219A5E8400CF2590;
			remoteInfo = iOSInterviewLearn;
		};
/* End PBXContainerItemProxy section */

/* Begin PBXFileReference section */
		A5D59917219A5E8400CF2590 /* iOSInterviewLearn.app */ = {isa = PBXFileReference; explicitFileType = wrapper.application; includeInIndex = 0; path = iOSInterviewLearn.app; sourceTree = BUILT_PRODUCTS_DIR; };
		A5D5991A219A5E8400CF2590 /* AppDelegate.h */ = {isa = PBXFileReference; lastKnownFileType = sourcecode.c.h; path = AppDelegate.h; sourceTree = "<group>"; };
		A5D5991B219A5E8400CF2590 /* AppDelegate.m */ = {isa = PBXFileReference; lastKnownFileType = sourcecode.c.objc; path = AppDelegate.m; sourceTree = "<group>"; };
		A5D5991D219A5E8400CF2590 /* ViewController.h */ = {isa = PBXFileReference; lastKnownFileType = sourcecode.c.h; path = ViewController.h; sourceTree = "<group>"; };
		A5D5991E219A5E8400CF2590 /* ViewController.m */ = {isa = PBXFileReference; lastKnownFileType = sourcecode.c.objc; path = ViewController.m; sourceTree = "<group>"; };
		A5D59921219A5E8400CF2590 /* Base */ = {isa = PBXFileReference; lastKnownFileType = file.storyboard; name = Base; path = Base.lproj/Main.storyboard; sourceTree = "<group>"; };
		A5D59923219A5E8500CF2590 /* Assets.xcassets */ = {isa = PBXFileReference; lastKnownFileType = folder.assetcatalog; path = Assets.xcassets; sourceTree = "<group>"; };
		A5D59926219A5E8500CF2590 /* Base */ = {isa = PBXFileReference; lastKnownFileType = file.storyboard; name = Base; path = Base.lproj/LaunchScreen.storyboard; sourceTree = "<group>"; };
		A5D59928219A5E8500CF2590 /* Info.plist */ = {isa = PBXFileReference; lastKnownFileType = text.plist.xml; path = Info.plist; sourceTree = "<group>"; };
		A5D59929219A5E8500CF2590 /* main.m */ = {isa = PBXFileReference; lastKnownFileType = sourcecode.c.objc; path = main.m; sourceTree = "<group>"; };
		A5D5992F219A5E8500CF2590 /* iOSInterviewLearnTests.xctest */ = {isa = PBXFileReference; explicitFileType = wrapper.cfbundle; includeInIndex = 0; path = iOSInterviewLearnTests.xctest; sourceTree = BUILT_PRODUCTS_DIR; };
		A5D59933219A5E8500CF2590 /* iOSInterviewLearnTests.m */ = {isa = PBXFileReference; lastKnownFileType = sourcecode.c.objc; path = iOSInterviewLearnTests.m; sourceTree = "<group>"; };
		A5D59935219A5E8500CF2590 /* Info.plist */ = {isa = PBXFileReference; lastKnownFileType = text.plist.xml; path = Info.plist; sourceTree = "<group>"; };
		A5D5993A219A5E8500CF2590 /* iOSInterviewLearnUITests.xctest */ = {isa = PBXFileReference; explicitFileType = wrapper.cfbundle; includeInIndex = 0; path = iOSInterviewLearnUITests.xctest; sourceTree = BUILT_PRODUCTS_DIR; };
		A5D5993E219A5E8500CF2590 /* iOSInterviewLearnUITests.m */ = {isa = PBXFileReference; lastKnownFileType = sourcecode.c.objc; path = iOSInterviewLearnUITests.m; sourceTree = "<group>"; };
		A5D59940219A5E8500CF2590 /* Info.plist */ = {isa = PBXFileReference; lastKnownFileType = text.plist.xml; path = Info.plist; sourceTree = "<group>"; };
		A5D5994D219A5EEB00CF2590 /* HTTPProtocol.m */ = {isa = PBXFileReference; fileEncoding = 4; lastKnownFileType = sourcecode.c.objc; path = HTTPProtocol.m; sourceTree = "<group>"; };
		A5D5994E219A5EEB00CF2590 /* HTTPProtocol.h */ = {isa = PBXFileReference; fileEncoding = 4; lastKnownFileType = sourcecode.c.h; path = HTTPProtocol.h; sourceTree = "<group>"; };
		A5D59950219A5EEB00CF2590 /* IndexedTableView.h */ = {isa = PBXFileReference; fileEncoding = 4; lastKnownFileType = sourcecode.c.h; path = IndexedTableView.h; sourceTree = "<group>"; };
		A5D59951219A5EEB00CF2590 /* ReuseablePool.h */ = {isa = PBXFileReference; fileEncoding = 4; lastKnownFileType = sourcecode.c.h; path = ReuseablePool.h; sourceTree = "<group>"; };
		A5D59952219A5EEB00CF2590 /* IndexedTableView.m */ = {isa = PBXFileReference; fileEncoding = 4; lastKnownFileType = sourcecode.c.objc; path = IndexedTableView.m; sourceTree = "<group>"; };
		A5D59953219A5EEB00CF2590 /* ReuseablePool.m */ = {isa = PBXFileReference; fileEncoding = 4; lastKnownFileType = sourcecode.c.objc; path = ReuseablePool.m; sourceTree = "<group>"; };
		A5D59955219A5EEB00CF2590 /* Thread.m */ = {isa = PBXFileReference; fileEncoding = 4; lastKnownFileType = sourcecode.c.objc; path = Thread.m; sourceTree = "<group>"; };
		A5D59956219A5EEB00CF2590 /* Thread.h */ = {isa = PBXFileReference; fileEncoding = 4; lastKnownFileType = sourcecode.c.h; path = Thread.h; sourceTree = "<group>"; };
		A5D59958219A5EEB00CF2590 /* ELObserve.h */ = {isa = PBXFileReference; fileEncoding = 4; lastKnownFileType = sourcecode.c.h; path = ELObserve.h; sourceTree = "<group>"; };
		A5D59959219A5EEB00CF2590 /* ELObject.m */ = {isa = PBXFileReference; fileEncoding = 4; lastKnownFileType = sourcecode.c.objc; path = ELObject.m; sourceTree = "<group>"; };
		A5D5995A219A5EEB00CF2590 /* ELObserve.m */ = {isa = PBXFileReference; fileEncoding = 4; lastKnownFileType = sourcecode.c.objc; path = ELObserve.m; sourceTree = "<group>"; };
		A5D5995B219A5EEB00CF2590 /* ELObject.h */ = {isa = PBXFileReference; fileEncoding = 4; lastKnownFileType = sourcecode.c.h; path = ELObject.h; sourceTree = "<group>"; };
		A5D5995D219A5EEB00CF2590 /* Block.m */ = {isa = PBXFileReference; fileEncoding = 4; lastKnownFileType = sourcecode.c.objc; path = Block.m; sourceTree = "<group>"; };
		A5D5995F219A5EEB00CF2590 /* Block.h */ = {isa = PBXFileReference; fileEncoding = 4; lastKnownFileType = sourcecode.c.h; path = Block.h; sourceTree = "<group>"; };
		A5D59961219A5EEB00CF2590 /* NSTimer+WeakTimer.h */ = {isa = PBXFileReference; fileEncoding = 4; lastKnownFileType = sourcecode.c.h; path = "NSTimer+WeakTimer.h"; sourceTree = "<group>"; };
		A5D59962219A5EEB00CF2590 /* MemeroyViewController.h */ = {isa = PBXFileReference; fileEncoding = 4; lastKnownFileType = sourcecode.c.h; path = MemeroyViewController.h; sourceTree = "<group>"; };
		A5D59963219A5EEB00CF2590 /* NSTimer+WeakTimer.m */ = {isa = PBXFileReference; fileEncoding = 4; lastKnownFileType = sourcecode.c.objc; path = "NSTimer+WeakTimer.m"; sourceTree = "<group>"; };
		A5D59964219A5EEB00CF2590 /* MemeroyViewController.m */ = {isa = PBXFileReference; fileEncoding = 4; lastKnownFileType = sourcecode.c.objc; path = MemeroyViewController.m; sourceTree = "<group>"; };
		A5D59966219A5EEB00CF2590 /* RunLoop.h */ = {isa = PBXFileReference; fileEncoding = 4; lastKnownFileType = sourcecode.c.h; path = RunLoop.h; sourceTree = "<group>"; };
		A5D59967219A5EEB00CF2590 /* RunLoop.m */ = {isa = PBXFileReference; fileEncoding = 4; lastKnownFileType = sourcecode.c.objc; path = RunLoop.m; sourceTree = "<group>"; };
		A5D59969219A5EEB00CF2590 /* Phone.h */ = {isa = PBXFileReference; fileEncoding = 4; lastKnownFileType = sourcecode.c.h; path = Phone.h; sourceTree = "<group>"; };
		A5D5996A219A5EEB00CF2590 /* MessageSendViewController.m */ = {isa = PBXFileReference; fileEncoding = 4; lastKnownFileType = sourcecode.c.objc; path = MessageSendViewController.m; sourceTree = "<group>"; };
		A5D5996B219A5EEB00CF2590 /* RuntimeObject.m */ = {isa = PBXFileReference; fileEncoding = 4; lastKnownFileType = sourcecode.c.objc; path = RuntimeObject.m; sourceTree = "<group>"; };
		A5D5996C219A5EEB00CF2590 /* Mobile.h */ = {isa = PBXFileReference; fileEncoding = 4; lastKnownFileType = sourcecode.c.h; path = Mobile.h; sourceTree = "<group>"; };
		A5D5996D219A5EEB00CF2590 /* Phone.m */ = {isa = PBXFileReference; fileEncoding = 4; lastKnownFileType = sourcecode.c.objc; path = Phone.m; sourceTree = "<group>"; };
		A5D5996E219A5EEB00CF2590 /* MessageSendViewController.h */ = {isa = PBXFileReference; fileEncoding = 4; lastKnownFileType = sourcecode.c.h; path = MessageSendViewController.h; sourceTree = "<group>"; };
		A5D5996F219A5EEB00CF2590 /* RuntimeObject.h */ = {isa = PBXFileReference; fileEncoding = 4; lastKnownFileType = sourcecode.c.h; path = RuntimeObject.h; sourceTree = "<group>"; };
		A5D59970219A5EEB00CF2590 /* Mobile.m */ = {isa = PBXFileReference; fileEncoding = 4; lastKnownFileType = sourcecode.c.objc; path = Mobile.m; sourceTree = "<group>"; };
		A5D59972219A5EEC00CF2590 /* HashLearn.m */ = {isa = PBXFileReference; fileEncoding = 4; lastKnownFileType = sourcecode.c.objc; path = HashLearn.m; sourceTree = "<group>"; };
		A5D59973219A5EEC00CF2590 /* HashLearn.h */ = {isa = PBXFileReference; fileEncoding = 4; lastKnownFileType = sourcecode.c.h; path = HashLearn.h; sourceTree = "<group>"; };
/* End PBXFileReference section */

/* Begin PBXFrameworksBuildPhase section */
		A5D59914219A5E8400CF2590 /* Frameworks */ = {
			isa = PBXFrameworksBuildPhase;
			buildActionMask = 2147483647;
			files = (
			);
			runOnlyForDeploymentPostprocessing = 0;
		};
		A5D5992C219A5E8500CF2590 /* Frameworks */ = {
			isa = PBXFrameworksBuildPhase;
			buildActionMask = 2147483647;
			files = (
			);
			runOnlyForDeploymentPostprocessing = 0;
		};
		A5D59937219A5E8500CF2590 /* Frameworks */ = {
			isa = PBXFrameworksBuildPhase;
			buildActionMask = 2147483647;
			files = (
			);
			runOnlyForDeploymentPostprocessing = 0;
		};
/* End PBXFrameworksBuildPhase section */

/* Begin PBXGroup section */
		A5D5990E219A5E8400CF2590 = {
			isa = PBXGroup;
			children = (
				A5D59919219A5E8400CF2590 /* iOSInterviewLearn */,
				A5D59932219A5E8500CF2590 /* iOSInterviewLearnTests */,
				A5D5993D219A5E8500CF2590 /* iOSInterviewLearnUITests */,
				A5D59918219A5E8400CF2590 /* Products */,
			);
			sourceTree = "<group>";
		};
		A5D59918219A5E8400CF2590 /* Products */ = {
			isa = PBXGroup;
			children = (
				A5D59917219A5E8400CF2590 /* iOSInterviewLearn.app */,
				A5D5992F219A5E8500CF2590 /* iOSInterviewLearnTests.xctest */,
				A5D5993A219A5E8500CF2590 /* iOSInterviewLearnUITests.xctest */,
			);
			name = Products;
			sourceTree = "<group>";
		};
		A5D59919219A5E8400CF2590 /* iOSInterviewLearn */ = {
			isa = PBXGroup;
			children = (
				A5D5995C219A5EEB00CF2590 /* Block */,
				A5D5994F219A5EEB00CF2590 /* cellReuse */,
				A5D59954219A5EEB00CF2590 /* GCD */,
				A5D59971219A5EEC00CF2590 /* Hash */,
				A5D5994C219A5EEB00CF2590 /* HTTP */,
				A5D59957219A5EEB00CF2590 /* KVO */,
				A5D59960219A5EEB00CF2590 /* memeroy */,
				A5D59968219A5EEB00CF2590 /* messageSendAndTransmit */,
				A5D59965219A5EEB00CF2590 /* RunLoop */,
				A5D5991A219A5E8400CF2590 /* AppDelegate.h */,
				A5D5991B219A5E8400CF2590 /* AppDelegate.m */,
				A5D5991D219A5E8400CF2590 /* ViewController.h */,
				A5D5991E219A5E8400CF2590 /* ViewController.m */,
				A5D59920219A5E8400CF2590 /* Main.storyboard */,
				A5D59923219A5E8500CF2590 /* Assets.xcassets */,
				A5D59925219A5E8500CF2590 /* LaunchScreen.storyboard */,
				A5D59928219A5E8500CF2590 /* Info.plist */,
				A5D59929219A5E8500CF2590 /* main.m */,
			);
			path = iOSInterviewLearn;
			sourceTree = "<group>";
		};
		A5D59932219A5E8500CF2590 /* iOSInterviewLearnTests */ = {
			isa = PBXGroup;
			children = (
				A5D59933219A5E8500CF2590 /* iOSInterviewLearnTests.m */,
				A5D59935219A5E8500CF2590 /* Info.plist */,
			);
			path = iOSInterviewLearnTests;
			sourceTree = "<group>";
		};
		A5D5993D219A5E8500CF2590 /* iOSInterviewLearnUITests */ = {
			isa = PBXGroup;
			children = (
				A5D5993E219A5E8500CF2590 /* iOSInterviewLearnUITests.m */,
				A5D59940219A5E8500CF2590 /* Info.plist */,
			);
			path = iOSInterviewLearnUITests;
			sourceTree = "<group>";
		};
		A5D5994C219A5EEB00CF2590 /* HTTP */ = {
			isa = PBXGroup;
			children = (
				A5D5994D219A5EEB00CF2590 /* HTTPProtocol.m */,
				A5D5994E219A5EEB00CF2590 /* HTTPProtocol.h */,
			);
			path = HTTP;
			sourceTree = "<group>";
		};
		A5D5994F219A5EEB00CF2590 /* cellReuse */ = {
			isa = PBXGroup;
			children = (
				A5D59950219A5EEB00CF2590 /* IndexedTableView.h */,
				A5D59951219A5EEB00CF2590 /* ReuseablePool.h */,
				A5D59952219A5EEB00CF2590 /* IndexedTableView.m */,
				A5D59953219A5EEB00CF2590 /* ReuseablePool.m */,
			);
			path = cellReuse;
			sourceTree = "<group>";
		};
		A5D59954219A5EEB00CF2590 /* GCD */ = {
			isa = PBXGroup;
			children = (
				A5D59955219A5EEB00CF2590 /* Thread.m */,
				A5D59956219A5EEB00CF2590 /* Thread.h */,
			);
			path = GCD;
			sourceTree = "<group>";
		};
		A5D59957219A5EEB00CF2590 /* KVO */ = {
			isa = PBXGroup;
			children = (
				A5D59958219A5EEB00CF2590 /* ELObserve.h */,
				A5D59959219A5EEB00CF2590 /* ELObject.m */,
				A5D5995A219A5EEB00CF2590 /* ELObserve.m */,
				A5D5995B219A5EEB00CF2590 /* ELObject.h */,
			);
			path = KVO;
			sourceTree = "<group>";
		};
		A5D5995C219A5EEB00CF2590 /* Block */ = {
			isa = PBXGroup;
			children = (
				A5D5995D219A5EEB00CF2590 /* Block.m */,
				A5D5995F219A5EEB00CF2590 /* Block.h */,
			);
			path = Block;
			sourceTree = "<group>";
		};
		A5D59960219A5EEB00CF2590 /* memeroy */ = {
			isa = PBXGroup;
			children = (
				A5D59961219A5EEB00CF2590 /* NSTimer+WeakTimer.h */,
				A5D59962219A5EEB00CF2590 /* MemeroyViewController.h */,
				A5D59963219A5EEB00CF2590 /* NSTimer+WeakTimer.m */,
				A5D59964219A5EEB00CF2590 /* MemeroyViewController.m */,
			);
			path = memeroy;
			sourceTree = "<group>";
		};
		A5D59965219A5EEB00CF2590 /* RunLoop */ = {
			isa = PBXGroup;
			children = (
				A5D59966219A5EEB00CF2590 /* RunLoop.h */,
				A5D59967219A5EEB00CF2590 /* RunLoop.m */,
			);
			path = RunLoop;
			sourceTree = "<group>";
		};
		A5D59968219A5EEB00CF2590 /* messageSendAndTransmit */ = {
			isa = PBXGroup;
			children = (
				A5D59969219A5EEB00CF2590 /* Phone.h */,
				A5D5996A219A5EEB00CF2590 /* MessageSendViewController.m */,
				A5D5996B219A5EEB00CF2590 /* RuntimeObject.m */,
				A5D5996C219A5EEB00CF2590 /* Mobile.h */,
				A5D5996D219A5EEB00CF2590 /* Phone.m */,
				A5D5996E219A5EEB00CF2590 /* MessageSendViewController.h */,
				A5D5996F219A5EEB00CF2590 /* RuntimeObject.h */,
				A5D59970219A5EEB00CF2590 /* Mobile.m */,
			);
			path = messageSendAndTransmit;
			sourceTree = "<group>";
		};
		A5D59971219A5EEC00CF2590 /* Hash */ = {
			isa = PBXGroup;
			children = (
				A5D59972219A5EEC00CF2590 /* HashLearn.m */,
				A5D59973219A5EEC00CF2590 /* HashLearn.h */,
			);
			path = Hash;
			sourceTree = "<group>";
		};
/* End PBXGroup section */

/* Begin PBXNativeTarget section */
		A5D59916219A5E8400CF2590 /* iOSInterviewLearn */ = {
			isa = PBXNativeTarget;
			buildConfigurationList = A5D59943219A5E8500CF2590 /* Build configuration list for PBXNativeTarget "iOSInterviewLearn" */;
			buildPhases = (
				A5D59913219A5E8400CF2590 /* Sources */,
				A5D59914219A5E8400CF2590 /* Frameworks */,
				A5D59915219A5E8400CF2590 /* Resources */,
			);
			buildRules = (
			);
			dependencies = (
			);
			name = iOSInterviewLearn;
			productName = iOSInterviewLearn;
			productReference = A5D59917219A5E8400CF2590 /* iOSInterviewLearn.app */;
			productType = "com.apple.product-type.application";
		};
		A5D5992E219A5E8500CF2590 /* iOSInterviewLearnTests */ = {
			isa = PBXNativeTarget;
			buildConfigurationList = A5D59946219A5E8500CF2590 /* Build configuration list for PBXNativeTarget "iOSInterviewLearnTests" */;
			buildPhases = (
				A5D5992B219A5E8500CF2590 /* Sources */,
				A5D5992C219A5E8500CF2590 /* Frameworks */,
				A5D5992D219A5E8500CF2590 /* Resources */,
			);
			buildRules = (
			);
			dependencies = (
				A5D59931219A5E8500CF2590 /* PBXTargetDependency */,
			);
			name = iOSInterviewLearnTests;
			productName = iOSInterviewLearnTests;
			productReference = A5D5992F219A5E8500CF2590 /* iOSInterviewLearnTests.xctest */;
			productType = "com.apple.product-type.bundle.unit-test";
		};
		A5D59939219A5E8500CF2590 /* iOSInterviewLearnUITests */ = {
			isa = PBXNativeTarget;
			buildConfigurationList = A5D59949219A5E8500CF2590 /* Build configuration list for PBXNativeTarget "iOSInterviewLearnUITests" */;
			buildPhases = (
				A5D59936219A5E8500CF2590 /* Sources */,
				A5D59937219A5E8500CF2590 /* Frameworks */,
				A5D59938219A5E8500CF2590 /* Resources */,
			);
			buildRules = (
			);
			dependencies = (
				A5D5993C219A5E8500CF2590 /* PBXTargetDependency */,
			);
			name = iOSInterviewLearnUITests;
			productName = iOSInterviewLearnUITests;
			productReference = A5D5993A219A5E8500CF2590 /* iOSInterviewLearnUITests.xctest */;
			productType = "com.apple.product-type.bundle.ui-testing";
		};
/* End PBXNativeTarget section */

/* Begin PBXProject section */
		A5D5990F219A5E8400CF2590 /* Project object */ = {
			isa = PBXProject;
			attributes = {
				LastUpgradeCheck = 1000;
				ORGANIZATIONNAME = "李赐岩";
				TargetAttributes = {
					A5D59916219A5E8400CF2590 = {
						CreatedOnToolsVersion = 10.0;
					};
					A5D5992E219A5E8500CF2590 = {
						CreatedOnToolsVersion = 10.0;
						TestTargetID = A5D59916219A5E8400CF2590;
					};
					A5D59939219A5E8500CF2590 = {
						CreatedOnToolsVersion = 10.0;
						TestTargetID = A5D59916219A5E8400CF2590;
					};
				};
			};
			buildConfigurationList = A5D59912219A5E8400CF2590 /* Build configuration list for PBXProject "iOSInterviewLearn" */;
			compatibilityVersion = "Xcode 9.3";
			developmentRegion = en;
			hasScannedForEncodings = 0;
			knownRegions = (
				en,
				Base,
			);
			mainGroup = A5D5990E219A5E8400CF2590;
			productRefGroup = A5D59918219A5E8400CF2590 /* Products */;
			projectDirPath = "";
			projectRoot = "";
			targets = (
				A5D59916219A5E8400CF2590 /* iOSInterviewLearn */,
				A5D5992E219A5E8500CF2590 /* iOSInterviewLearnTests */,
				A5D59939219A5E8500CF2590 /* iOSInterviewLearnUITests */,
			);
		};
/* End PBXProject section */

/* Begin PBXResourcesBuildPhase section */
		A5D59915219A5E8400CF2590 /* Resources */ = {
			isa = PBXResourcesBuildPhase;
			buildActionMask = 2147483647;
			files = (
				A5D59927219A5E8500CF2590 /* LaunchScreen.storyboard in Resources */,
				A5D59924219A5E8500CF2590 /* Assets.xcassets in Resources */,
				A5D59922219A5E8400CF2590 /* Main.storyboard in Resources */,
			);
			runOnlyForDeploymentPostprocessing = 0;
		};
		A5D5992D219A5E8500CF2590 /* Resources */ = {
			isa = PBXResourcesBuildPhase;
			buildActionMask = 2147483647;
			files = (
			);
			runOnlyForDeploymentPostprocessing = 0;
		};
		A5D59938219A5E8500CF2590 /* Resources */ = {
			isa = PBXResourcesBuildPhase;
			buildActionMask = 2147483647;
			files = (
			);
			runOnlyForDeploymentPostprocessing = 0;
		};
/* End PBXResourcesBuildPhase section */

/* Begin PBXSourcesBuildPhase section */
		A5D59913219A5E8400CF2590 /* Sources */ = {
			isa = PBXSourcesBuildPhase;
			buildActionMask = 2147483647;
			files = (
				A5D5997F219A5EEC00CF2590 /* MessageSendViewController.m in Sources */,
				A5D5997C219A5EEC00CF2590 /* NSTimer+WeakTimer.m in Sources */,
				A5D59976219A5EEC00CF2590 /* ReuseablePool.m in Sources */,
				A5D59982219A5EEC00CF2590 /* Mobile.m in Sources */,
				A5D5991F219A5E8400CF2590 /* ViewController.m in Sources */,
				A5D5997D219A5EEC00CF2590 /* MemeroyViewController.m in Sources */,
				A5D59983219A5EEC00CF2590 /* HashLearn.m in Sources */,
				A5D59980219A5EEC00CF2590 /* RuntimeObject.m in Sources */,
				A5D59977219A5EEC00CF2590 /* Thread.m in Sources */,
				A5D5997A219A5EEC00CF2590 /* Block.m in Sources */,
				A5D59979219A5EEC00CF2590 /* ELObserve.m in Sources */,
				A5D5997E219A5EEC00CF2590 /* RunLoop.m in Sources */,
				A5D59975219A5EEC00CF2590 /* IndexedTableView.m in Sources */,
				A5D5992A219A5E8500CF2590 /* main.m in Sources */,
				A5D59978219A5EEC00CF2590 /* ELObject.m in Sources */,
				A5D59981219A5EEC00CF2590 /* Phone.m in Sources */,
				A5D5991C219A5E8400CF2590 /* AppDelegate.m in Sources */,
				A5D59974219A5EEC00CF2590 /* HTTPProtocol.m in Sources */,
			);
			runOnlyForDeploymentPostprocessing = 0;
		};
		A5D5992B219A5E8500CF2590 /* Sources */ = {
			isa = PBXSourcesBuildPhase;
			buildActionMask = 2147483647;
			files = (
				A5D59934219A5E8500CF2590 /* iOSInterviewLearnTests.m in Sources */,
			);
			runOnlyForDeploymentPostprocessing = 0;
		};
		A5D59936219A5E8500CF2590 /* Sources */ = {
			isa = PBXSourcesBuildPhase;
			buildActionMask = 2147483647;
			files = (
				A5D5993F219A5E8500CF2590 /* iOSInterviewLearnUITests.m in Sources */,
			);
			runOnlyForDeploymentPostprocessing = 0;
		};
/* End PBXSourcesBuildPhase section */

/* Begin PBXTargetDependency section */
		A5D59931219A5E8500CF2590 /* PBXTargetDependency */ = {
			isa = PBXTargetDependency;
			target = A5D59916219A5E8400CF2590 /* iOSInterviewLearn */;
			targetProxy = A5D59930219A5E8500CF2590 /* PBXContainerItemProxy */;
		};
		A5D5993C219A5E8500CF2590 /* PBXTargetDependency */ = {
			isa = PBXTargetDependency;
			target = A5D59916219A5E8400CF2590 /* iOSInterviewLearn */;
			targetProxy = A5D5993B219A5E8500CF2590 /* PBXContainerItemProxy */;
		};
/* End PBXTargetDependency section */

/* Begin PBXVariantGroup section */
		A5D59920219A5E8400CF2590 /* Main.storyboard */ = {
			isa = PBXVariantGroup;
			children = (
				A5D59921219A5E8400CF2590 /* Base */,
			);
			name = Main.storyboard;
			sourceTree = "<group>";
		};
		A5D59925219A5E8500CF2590 /* LaunchScreen.storyboard */ = {
			isa = PBXVariantGroup;
			children = (
				A5D59926219A5E8500CF2590 /* Base */,
			);
			name = LaunchScreen.storyboard;
			sourceTree = "<group>";
		};
/* End PBXVariantGroup section */

/* Begin XCBuildConfiguration section */
		A5D59941219A5E8500CF2590 /* Debug */ = {
			isa = XCBuildConfiguration;
			buildSettings = {
				ALWAYS_SEARCH_USER_PATHS = NO;
				CLANG_ANALYZER_NONNULL = YES;
				CLANG_ANALYZER_NUMBER_OBJECT_CONVERSION = YES_AGGRESSIVE;
				CLANG_CXX_LANGUAGE_STANDARD = "gnu++14";
				CLANG_CXX_LIBRARY = "libc++";
				CLANG_ENABLE_MODULES = YES;
				CLANG_ENABLE_OBJC_ARC = YES;
				CLANG_ENABLE_OBJC_WEAK = YES;
				CLANG_WARN_BLOCK_CAPTURE_AUTORELEASING = YES;
				CLANG_WARN_BOOL_CONVERSION = YES;
				CLANG_WARN_COMMA = YES;
				CLANG_WARN_CONSTANT_CONVERSION = YES;
				CLANG_WARN_DEPRECATED_OBJC_IMPLEMENTATIONS = YES;
				CLANG_WARN_DIRECT_OBJC_ISA_USAGE = YES_ERROR;
				CLANG_WARN_DOCUMENTATION_COMMENTS = YES;
				CLANG_WARN_EMPTY_BODY = YES;
				CLANG_WARN_ENUM_CONVERSION = YES;
				CLANG_WARN_INFINITE_RECURSION = YES;
				CLANG_WARN_INT_CONVERSION = YES;
				CLANG_WARN_NON_LITERAL_NULL_CONVERSION = YES;
				CLANG_WARN_OBJC_IMPLICIT_RETAIN_SELF = YES;
				CLANG_WARN_OBJC_LITERAL_CONVERSION = YES;
				CLANG_WARN_OBJC_ROOT_CLASS = YES_ERROR;
				CLANG_WARN_RANGE_LOOP_ANALYSIS = YES;
				CLANG_WARN_STRICT_PROTOTYPES = YES;
				CLANG_WARN_SUSPICIOUS_MOVE = YES;
				CLANG_WARN_UNGUARDED_AVAILABILITY = YES_AGGRESSIVE;
				CLANG_WARN_UNREACHABLE_CODE = YES;
				CLANG_WARN__DUPLICATE_METHOD_MATCH = YES;
				CODE_SIGN_IDENTITY = "iPhone Developer";
				COPY_PHASE_STRIP = NO;
				DEBUG_INFORMATION_FORMAT = dwarf;
				ENABLE_STRICT_OBJC_MSGSEND = YES;
				ENABLE_TESTABILITY = YES;
				GCC_C_LANGUAGE_STANDARD = gnu11;
				GCC_DYNAMIC_NO_PIC = NO;
				GCC_NO_COMMON_BLOCKS = YES;
				GCC_OPTIMIZATION_LEVEL = 0;
				GCC_PREPROCESSOR_DEFINITIONS = (
					"DEBUG=1",
					"$(inherited)",
				);
				GCC_WARN_64_TO_32_BIT_CONVERSION = YES;
				GCC_WARN_ABOUT_RETURN_TYPE = YES_ERROR;
				GCC_WARN_UNDECLARED_SELECTOR = YES;
				GCC_WARN_UNINITIALIZED_AUTOS = YES_AGGRESSIVE;
				GCC_WARN_UNUSED_FUNCTION = YES;
				GCC_WARN_UNUSED_VARIABLE = YES;
				IPHONEOS_DEPLOYMENT_TARGET = 12.0;
				MTL_ENABLE_DEBUG_INFO = INCLUDE_SOURCE;
				MTL_FAST_MATH = YES;
				ONLY_ACTIVE_ARCH = YES;
				SDKROOT = iphoneos;
			};
			name = Debug;
		};
		A5D59942219A5E8500CF2590 /* Release */ = {
			isa = XCBuildConfiguration;
			buildSettings = {
				ALWAYS_SEARCH_USER_PATHS = NO;
				CLANG_ANALYZER_NONNULL = YES;
				CLANG_ANALYZER_NUMBER_OBJECT_CONVERSION = YES_AGGRESSIVE;
				CLANG_CXX_LANGUAGE_STANDARD = "gnu++14";
				CLANG_CXX_LIBRARY = "libc++";
				CLANG_ENABLE_MODULES = YES;
				CLANG_ENABLE_OBJC_ARC = YES;
				CLANG_ENABLE_OBJC_WEAK = YES;
				CLANG_WARN_BLOCK_CAPTURE_AUTORELEASING = YES;
				CLANG_WARN_BOOL_CONVERSION = YES;
				CLANG_WARN_COMMA = YES;
				CLANG_WARN_CONSTANT_CONVERSION = YES;
				CLANG_WARN_DEPRECATED_OBJC_IMPLEMENTATIONS = YES;
				CLANG_WARN_DIRECT_OBJC_ISA_USAGE = YES_ERROR;
				CLANG_WARN_DOCUMENTATION_COMMENTS = YES;
				CLANG_WARN_EMPTY_BODY = YES;
				CLANG_WARN_ENUM_CONVERSION = YES;
				CLANG_WARN_INFINITE_RECURSION = YES;
				CLANG_WARN_INT_CONVERSION = YES;
				CLANG_WARN_NON_LITERAL_NULL_CONVERSION = YES;
				CLANG_WARN_OBJC_IMPLICIT_RETAIN_SELF = YES;
				CLANG_WARN_OBJC_LITERAL_CONVERSION = YES;
				CLANG_WARN_OBJC_ROOT_CLASS = YES_ERROR;
				CLANG_WARN_RANGE_LOOP_ANALYSIS = YES;
				CLANG_WARN_STRICT_PROTOTYPES = YES;
				CLANG_WARN_SUSPICIOUS_MOVE = YES;
				CLANG_WARN_UNGUARDED_AVAILABILITY = YES_AGGRESSIVE;
				CLANG_WARN_UNREACHABLE_CODE = YES;
				CLANG_WARN__DUPLICATE_METHOD_MATCH = YES;
				CODE_SIGN_IDENTITY = "iPhone Developer";
				COPY_PHASE_STRIP = NO;
				DEBUG_INFORMATION_FORMAT = "dwarf-with-dsym";
				ENABLE_NS_ASSERTIONS = NO;
				ENABLE_STRICT_OBJC_MSGSEND = YES;
				GCC_C_LANGUAGE_STANDARD = gnu11;
				GCC_NO_COMMON_BLOCKS = YES;
				GCC_WARN_64_TO_32_BIT_CONVERSION = YES;
				GCC_WARN_ABOUT_RETURN_TYPE = YES_ERROR;
				GCC_WARN_UNDECLARED_SELECTOR = YES;
				GCC_WARN_UNINITIALIZED_AUTOS = YES_AGGRESSIVE;
				GCC_WARN_UNUSED_FUNCTION = YES;
				GCC_WARN_UNUSED_VARIABLE = YES;
				IPHONEOS_DEPLOYMENT_TARGET = 12.0;
				MTL_ENABLE_DEBUG_INFO = NO;
				MTL_FAST_MATH = YES;
				SDKROOT = iphoneos;
				VALIDATE_PRODUCT = YES;
			};
			name = Release;
		};
		A5D59944219A5E8500CF2590 /* Debug */ = {
			isa = XCBuildConfiguration;
			buildSettings = {
				ASSETCATALOG_COMPILER_APPICON_NAME = AppIcon;
				CODE_SIGN_STYLE = Automatic;
				INFOPLIST_FILE = iOSInterviewLearn/Info.plist;
				LD_RUNPATH_SEARCH_PATHS = (
					"$(inherited)",
					"@executable_path/Frameworks",
				);
				PRODUCT_BUNDLE_IDENTIFIER = Eeven.iOSInterviewLearn;
				PRODUCT_NAME = "$(TARGET_NAME)";
				TARGETED_DEVICE_FAMILY = "1,2";
			};
			name = Debug;
		};
		A5D59945219A5E8500CF2590 /* Release */ = {
			isa = XCBuildConfiguration;
			buildSettings = {
				ASSETCATALOG_COMPILER_APPICON_NAME = AppIcon;
				CODE_SIGN_STYLE = Automatic;
				INFOPLIST_FILE = iOSInterviewLearn/Info.plist;
				LD_RUNPATH_SEARCH_PATHS = (
					"$(inherited)",
					"@executable_path/Frameworks",
				);
				PRODUCT_BUNDLE_IDENTIFIER = Eeven.iOSInterviewLearn;
				PRODUCT_NAME = "$(TARGET_NAME)";
				TARGETED_DEVICE_FAMILY = "1,2";
			};
			name = Release;
		};
		A5D59947219A5E8500CF2590 /* Debug */ = {
			isa = XCBuildConfiguration;
			buildSettings = {
				BUNDLE_LOADER = "$(TEST_HOST)";
				CODE_SIGN_STYLE = Automatic;
				INFOPLIST_FILE = iOSInterviewLearnTests/Info.plist;
				LD_RUNPATH_SEARCH_PATHS = (
					"$(inherited)",
					"@executable_path/Frameworks",
					"@loader_path/Frameworks",
				);
				PRODUCT_BUNDLE_IDENTIFIER = Eeven.iOSInterviewLearnTests;
				PRODUCT_NAME = "$(TARGET_NAME)";
				TARGETED_DEVICE_FAMILY = "1,2";
				TEST_HOST = "$(BUILT_PRODUCTS_DIR)/iOSInterviewLearn.app/iOSInterviewLearn";
			};
			name = Debug;
		};
		A5D59948219A5E8500CF2590 /* Release */ = {
			isa = XCBuildConfiguration;
			buildSettings = {
				BUNDLE_LOADER = "$(TEST_HOST)";
				CODE_SIGN_STYLE = Automatic;
				INFOPLIST_FILE = iOSInterviewLearnTests/Info.plist;
				LD_RUNPATH_SEARCH_PATHS = (
					"$(inherited)",
					"@executable_path/Frameworks",
					"@loader_path/Frameworks",
				);
				PRODUCT_BUNDLE_IDENTIFIER = Eeven.iOSInterviewLearnTests;
				PRODUCT_NAME = "$(TARGET_NAME)";
				TARGETED_DEVICE_FAMILY = "1,2";
				TEST_HOST = "$(BUILT_PRODUCTS_DIR)/iOSInterviewLearn.app/iOSInterviewLearn";
			};
			name = Release;
		};
		A5D5994A219A5E8500CF2590 /* Debug */ = {
			isa = XCBuildConfiguration;
			buildSettings = {
				CODE_SIGN_STYLE = Automatic;
				INFOPLIST_FILE = iOSInterviewLearnUITests/Info.plist;
				LD_RUNPATH_SEARCH_PATHS = (
					"$(inherited)",
					"@executable_path/Frameworks",
					"@loader_path/Frameworks",
				);
				PRODUCT_BUNDLE_IDENTIFIER = Eeven.iOSInterviewLearnUITests;
				PRODUCT_NAME = "$(TARGET_NAME)";
				TARGETED_DEVICE_FAMILY = "1,2";
				TEST_TARGET_NAME = iOSInterviewLearn;
			};
			name = Debug;
		};
		A5D5994B219A5E8500CF2590 /* Release */ = {
			isa = XCBuildConfiguration;
			buildSettings = {
				CODE_SIGN_STYLE = Automatic;
				INFOPLIST_FILE = iOSInterviewLearnUITests/Info.plist;
				LD_RUNPATH_SEARCH_PATHS = (
					"$(inherited)",
					"@executable_path/Frameworks",
					"@loader_path/Frameworks",
				);
				PRODUCT_BUNDLE_IDENTIFIER = Eeven.iOSInterviewLearnUITests;
				PRODUCT_NAME = "$(TARGET_NAME)";
				TARGETED_DEVICE_FAMILY = "1,2";
				TEST_TARGET_NAME = iOSInterviewLearn;
			};
			name = Release;
		};
/* End XCBuildConfiguration section */

/* Begin XCConfigurationList section */
		A5D59912219A5E8400CF2590 /* Build configuration list for PBXProject "iOSInterviewLearn" */ = {
			isa = XCConfigurationList;
			buildConfigurations = (
				A5D59941219A5E8500CF2590 /* Debug */,
				A5D59942219A5E8500CF2590 /* Release */,
			);
			defaultConfigurationIsVisible = 0;
			defaultConfigurationName = Release;
		};
		A5D59943219A5E8500CF2590 /* Build configuration list for PBXNativeTarget "iOSInterviewLearn" */ = {
			isa = XCConfigurationList;
			buildConfigurations = (
				A5D59944219A5E8500CF2590 /* Debug */,
				A5D59945219A5E8500CF2590 /* Release */,
			);
			defaultConfigurationIsVisible = 0;
			defaultConfigurationName = Release;
		};
		A5D59946219A5E8500CF2590 /* Build configuration list for PBXNativeTarget "iOSInterviewLearnTests" */ = {
			isa = XCConfigurationList;
			buildConfigurations = (
				A5D59947219A5E8500CF2590 /* Debug */,
				A5D59948219A5E8500CF2590 /* Release */,
			);
			defaultConfigurationIsVisible = 0;
			defaultConfigurationName = Release;
		};
		A5D59949219A5E8500CF2590 /* Build configuration list for PBXNativeTarget "iOSInterviewLearnUITests" */ = {
			isa = XCConfigurationList;
			buildConfigurations = (
				A5D5994A219A5E8500CF2590 /* Debug */,
				A5D5994B219A5E8500CF2590 /* Release */,
			);
			defaultConfigurationIsVisible = 0;
			defaultConfigurationName = Release;
		};
/* End XCConfigurationList section */
	};
	rootObject = A5D5990F219A5E8400CF2590 /* Project object */;
}
